
Microsoft Visual Studio Solution File, Format Version 12.00
# Visual Studio Version 17
VisualStudioVersion = 17.11.35222.181
MinimumVisualStudioVersion = 10.0.40219.1
Project("{9A19103F-16F7-4668-BE54-9A1E7A4F7556}") = "KafkaConsumer", "ReportAPI\KafkaConsumer.csproj", "{28E1A274-FA99-49C8-8639-C7982D884061}"
EndProject
Global
	GlobalSection(SolutionConfigurationPlatforms) = preSolution
		Debug|Any CPU = Debug|Any CPU
		Release|Any CPU = Release|Any CPU
	EndGlobalSection
	GlobalSection(ProjectConfigurationPlatforms) = postSolution
		{28E1A274-FA99-49C8-8639-C7982D884061}.Debug|Any CPU.ActiveCfg = Debug|Any CPU
		{28E1A274-FA99-49C8-8639-C7982D884061}.Debug|Any CPU.Build.0 = Debug|Any CPU
		{28E1A274-FA99-49C8-8639-C7982D884061}.Release|Any CPU.ActiveCfg = Release|Any CPU
		{28E1A274-FA99-49C8-8639-C7982D884061}.Release|Any CPU.Build.0 = Release|Any CPU
	EndGlobalSection
	GlobalSection(SolutionProperties) = preSolution
		HideSolutionNode = FALSE
	EndGlobalSection
	GlobalSection(ExtensibilityGlobals) = postSolution
		SolutionGuid = {19F4B3BB-773A-4E4F-87CA-49B0E0B2FD50}
	EndGlobalSection
EndGlobal
